
Microsoft Visual Studio Solution File, Format Version 12.00
# Visual Studio 15
VisualStudioVersion = 15.0.27130.2003
MinimumVisualStudioVersion = 10.0.40219.1
Project("{FAE04EC0-301F-11D3-BF4B-00C04F79EFBC}") = "SimpleSEOAnalyser", "SimpleSEOAnalyser\SimpleSEOAnalyser.csproj", "{7941E08E-8D99-4088-9094-09D27943A5E4}"
EndProject
Project("{FAE04EC0-301F-11D3-BF4B-00C04F79EFBC}") = "UnitTest", "UnitTest\UnitTest.csproj", "{4D186143-1EF1-4376-B418-FAF2A2ADA224}"
EndProject
Project("{FAE04EC0-301F-11D3-BF4B-00C04F79EFBC}") = "BizComponent", "BizComponent\BizComponent.csproj", "{ACE99979-D056-4BDA-A3DB-357C7285AA22}"
EndProject
Global
	GlobalSection(SolutionConfigurationPlatforms) = preSolution
		Debug|Any CPU = Debug|Any CPU
		Release|Any CPU = Release|Any CPU
	EndGlobalSection
	GlobalSection(ProjectConfigurationPlatforms) = postSolution
		{7941E08E-8D99-4088-9094-09D27943A5E4}.Debug|Any CPU.ActiveCfg = Debug|Any CPU
		{7941E08E-8D99-4088-9094-09D27943A5E4}.Debug|Any CPU.Build.0 = Debug|Any CPU
		{7941E08E-8D99-4088-9094-09D27943A5E4}.Release|Any CPU.ActiveCfg = Release|Any CPU
		{7941E08E-8D99-4088-9094-09D27943A5E4}.Release|Any CPU.Build.0 = Release|Any CPU
		{4D186143-1EF1-4376-B418-FAF2A2ADA224}.Debug|Any CPU.ActiveCfg = Debug|Any CPU
		{4D186143-1EF1-4376-B418-FAF2A2ADA224}.Debug|Any CPU.Build.0 = Debug|Any CPU
		{4D186143-1EF1-4376-B418-FAF2A2ADA224}.Release|Any CPU.ActiveCfg = Release|Any CPU
		{4D186143-1EF1-4376-B418-FAF2A2ADA224}.Release|Any CPU.Build.0 = Release|Any CPU
		{ACE99979-D056-4BDA-A3DB-357C7285AA22}.Debug|Any CPU.ActiveCfg = Debug|Any CPU
		{ACE99979-D056-4BDA-A3DB-357C7285AA22}.Debug|Any CPU.Build.0 = Debug|Any CPU
		{ACE99979-D056-4BDA-A3DB-357C7285AA22}.Release|Any CPU.ActiveCfg = Release|Any CPU
		{ACE99979-D056-4BDA-A3DB-357C7285AA22}.Release|Any CPU.Build.0 = Release|Any CPU
	EndGlobalSection
	GlobalSection(SolutionProperties) = preSolution
		HideSolutionNode = FALSE
	EndGlobalSection
	GlobalSection(ExtensibilityGlobals) = postSolution
		SolutionGuid = {EEB61ABC-6D51-45F7-8B75-D391FA8C9AD2}
	EndGlobalSection
EndGlobal
